// !$*UTF8*$!
{
	archiveVersion = 1;
	classes = {
	};
	objectVersion = 50;
	objects = {

/* Begin PBXBuildFile section */
		574E96A624FA2C2600376174 /* AppDelegate.swift in Sources */ = {isa = PBXBuildFile; fileRef = 574E96A524FA2C2600376174 /* AppDelegate.swift */; };
		574E96A824FA2C2600376174 /* SceneDelegate.swift in Sources */ = {isa = PBXBuildFile; fileRef = 574E96A724FA2C2600376174 /* SceneDelegate.swift */; };
		574E96AA24FA2C2600376174 /* ViewController.swift in Sources */ = {isa = PBXBuildFile; fileRef = 574E96A924FA2C2600376174 /* ViewController.swift */; };
		574E96AD24FA2C2600376174 /* Main.storyboard in Resources */ = {isa = PBXBuildFile; fileRef = 574E96AB24FA2C2600376174 /* Main.storyboard */; };
		574E96AF24FA2C2700376174 /* Assets.xcassets in Resources */ = {isa = PBXBuildFile; fileRef = 574E96AE24FA2C2700376174 /* Assets.xcassets */; };
		574E96B224FA2C2700376174 /* LaunchScreen.storyboard in Resources */ = {isa = PBXBuildFile; fileRef = 574E96B024FA2C2700376174 /* LaunchScreen.storyboard */; };
		574E96BA24FA300C00376174 /* FriendCollectionViewCell.swift in Sources */ = {isa = PBXBuildFile; fileRef = 574E96B924FA300C00376174 /* FriendCollectionViewCell.swift */; };
		574E96BC24FA34B000376174 /* Friend.swift in Sources */ = {isa = PBXBuildFile; fileRef = 574E96BB24FA34B000376174 /* Friend.swift */; };
/* End PBXBuildFile section */

/* Begin PBXFileReference section */
		574E96A224FA2C2600376174 /* CollectionViewExam.app */ = {isa = PBXFileReference; explicitFileType = wrapper.application; includeInIndex = 0; path = CollectionViewExam.app; sourceTree = BUILT_PRODUCTS_DIR; };
		574E96A524FA2C2600376174 /* AppDelegate.swift */ = {isa = PBXFileReference; lastKnownFileType = sourcecode.swift; path = AppDelegate.swift; sourceTree = "<group>"; };
		574E96A724FA2C2600376174 /* SceneDelegate.swift */ = {isa = PBXFileReference; lastKnownFileType = sourcecode.swift; path = SceneDelegate.swift; sourceTree = "<group>"; };
		574E96A924FA2C2600376174 /* ViewController.swift */ = {isa = PBXFileReference; lastKnownFileType = sourcecode.swift; path = ViewController.swift; sourceTree = "<group>"; };
		574E96AC24FA2C2600376174 /* Base */ = {isa = PBXFileReference; lastKnownFileType = file.storyboard; name = Base; path = Base.lproj/Main.storyboard; sourceTree = "<group>"; };
		574E96AE24FA2C2700376174 /* Assets.xcassets */ = {isa = PBXFileReference; lastKnownFileType = folder.assetcatalog; path = Assets.xcassets; sourceTree = "<group>"; };
		574E96B124FA2C2700376174 /* Base */ = {isa = PBXFileReference; lastKnownFileType = file.storyboard; name = Base; path = Base.lproj/LaunchScreen.storyboard; sourceTree = "<group>"; };
		574E96B324FA2C2700376174 /* Info.plist */ = {isa = PBXFileReference; lastKnownFileType = text.plist.xml; path = Info.plist; sourceTree = "<group>"; };
		574E96B924FA300C00376174 /* FriendCollectionViewCell.swift */ = {isa = PBXFileReference; lastKnownFileType = sourcecode.swift; path = FriendCollectionViewCell.swift; sourceTree = "<group>"; };
		574E96BB24FA34B000376174 /* Friend.swift */ = {isa = PBXFileReference; lastKnownFileType = sourcecode.swift; path = Friend.swift; sourceTree = "<group>"; };
/* End PBXFileReference section */

/* Begin PBXFrameworksBuildPhase section */
		574E969F24FA2C2600376174 /* Frameworks */ = {
			isa = PBXFrameworksBuildPhase;
			buildActionMask = 2147483647;
			files = (
			);
			runOnlyForDeploymentPostprocessing = 0;
		};
/* End PBXFrameworksBuildPhase section */

/* Begin PBXGroup section */
		574E969924FA2C2600376174 = {
			isa = PBXGroup;
			children = (
				574E96A424FA2C2600376174 /* CollectionViewExam */,
				574E96A324FA2C2600376174 /* Products */,
			);
			sourceTree = "<group>";
		};
		574E96A324FA2C2600376174 /* Products */ = {
			isa = PBXGroup;
			children = (
				574E96A224FA2C2600376174 /* CollectionViewExam.app */,
			);
			name = Products;
			sourceTree = "<group>";
		};
		574E96A424FA2C2600376174 /* CollectionViewExam */ = {
			isa = PBXGroup;
			children = (
				574E96A524FA2C2600376174 /* AppDelegate.swift */,
				574E96A724FA2C2600376174 /* SceneDelegate.swift */,
				574E96A924FA2C2600376174 /* ViewController.swift */,
				574E96AB24FA2C2600376174 /* Main.storyboard */,
				574E96AE24FA2C2700376174 /* Assets.xcassets */,
				574E96B024FA2C2700376174 /* LaunchScreen.storyboard */,
				574E96B324FA2C2700376174 /* Info.plist */,
				574E96B924FA300C00376174 /* FriendCollectionViewCell.swift */,
				574E96BB24FA34B000376174 /* Friend.swift */,
			);
			path = CollectionViewExam;
			sourceTree = "<group>";
		};
/* End PBXGroup section */

/* Begin PBXNativeTarget section */
		574E96A124FA2C2600376174 /* CollectionViewExam */ = {
			isa = PBXNativeTarget;
			buildConfigurationList = 574E96B624FA2C2700376174 /* Build configuration list for PBXNativeTarget "CollectionViewExam" */;
			buildPhases = (
				574E969E24FA2C2600376174 /* Sources */,
				574E969F24FA2C2600376174 /* Frameworks */,
				574E96A024FA2C2600376174 /* Resources */,
			);
			buildRules = (
			);
			dependencies = (
			);
			name = CollectionViewExam;
			productName = CollectionViewExam;
			productReference = 574E96A224FA2C2600376174 /* CollectionViewExam.app */;
			productType = "com.apple.product-type.application";
		};
/* End PBXNativeTarget section */

/* Begin PBXProject section */
		574E969A24FA2C2600376174 /* Project object */ = {
			isa = PBXProject;
			attributes = {
				LastSwiftUpdateCheck = 1160;
				LastUpgradeCheck = 1160;
				ORGANIZATIONNAME = ggyool;
				TargetAttributes = {
					574E96A124FA2C2600376174 = {
						CreatedOnToolsVersion = 11.6;
					};
				};
			};
			buildConfigurationList = 574E969D24FA2C2600376174 /* Build configuration list for PBXProject "CollectionViewExam" */;
			compatibilityVersion = "Xcode 9.3";
			developmentRegion = en;
			hasScannedForEncodings = 0;
			knownRegions = (
				en,
				Base,
			);
			mainGroup = 574E969924FA2C2600376174;
			productRefGroup = 574E96A324FA2C2600376174 /* Products */;
			projectDirPath = "";
			projectRoot = "";
			targets = (
				574E96A124FA2C2600376174 /* CollectionViewExam */,
			);
		};
/* End PBXProject section */

/* Begin PBXResourcesBuildPhase section */
		574E96A024FA2C2600376174 /* Resources */ = {
			isa = PBXResourcesBuildPhase;
			buildActionMask = 2147483647;
			files = (
				574E96B224FA2C2700376174 /* LaunchScreen.storyboard in Resources */,
				574E96AF24FA2C2700376174 /* Assets.xcassets in Resources */,
				574E96AD24FA2C2600376174 /* Main.storyboard in Resources */,
			);
			runOnlyForDeploymentPostprocessing = 0;
		};
/* End PBXResourcesBuildPhase section */

/* Begin PBXSourcesBuildPhase section */
		574E969E24FA2C2600376174 /* Sources */ = {
			isa = PBXSourcesBuildPhase;
			buildActionMask = 2147483647;
			files = (
				574E96BA24FA300C00376174 /* FriendCollectionViewCell.swift in Sources */,
				574E96AA24FA2C2600376174 /* ViewController.swift in Sources */,
				574E96BC24FA34B000376174 /* Friend.swift in Sources */,
				574E96A624FA2C2600376174 /* AppDelegate.swift in Sources */,
				574E96A824FA2C2600376174 /* SceneDelegate.swift in Sources */,
			);
			runOnlyForDeploymentPostprocessing = 0;
		};
/* End PBXSourcesBuildPhase section */

/* Begin PBXVariantGroup section */
		574E96AB24FA2C2600376174 /* Main.storyboard */ = {
			isa = PBXVariantGroup;
			children = (
				574E96AC24FA2C2600376174 /* Base */,
			);
			name = Main.storyboard;
			sourceTree = "<group>";
		};
		574E96B024FA2C2700376174 /* LaunchScreen.storyboard */ = {
			isa = PBXVariantGroup;
			children = (
				574E96B124FA2C2700376174 /* Base */,
			);
			name = LaunchScreen.storyboard;
			sourceTree = "<group>";
		};
/* End PBXVariantGroup section */

/* Begin XCBuildConfiguration section */
		574E96B424FA2C2700376174 /* Debug */ = {
			isa = XCBuildConfiguration;
			buildSettings = {
				ALWAYS_SEARCH_USER_PATHS = NO;
				CLANG_ANALYZER_NONNULL = YES;
				CLANG_ANALYZER_NUMBER_OBJECT_CONVERSION = YES_AGGRESSIVE;
				CLANG_CXX_LANGUAGE_STANDARD = "gnu++14";
				CLANG_CXX_LIBRARY = "libc++";
				CLANG_ENABLE_MODULES = YES;
				CLANG_ENABLE_OBJC_ARC = YES;
				CLANG_ENABLE_OBJC_WEAK = YES;
				CLANG_WARN_BLOCK_CAPTURE_AUTORELEASING = YES;
				CLANG_WARN_BOOL_CONVERSION = YES;
				CLANG_WARN_COMMA = YES;
				CLANG_WARN_CONSTANT_CONVERSION = YES;
				CLANG_WARN_DEPRECATED_OBJC_IMPLEMENTATIONS = YES;
				CLANG_WARN_DIRECT_OBJC_ISA_USAGE = YES_ERROR;
				CLANG_WARN_DOCUMENTATION_COMMENTS = YES;
				CLANG_WARN_EMPTY_BODY = YES;
				CLANG_WARN_ENUM_CONVERSION = YES;
				CLANG_WARN_INFINITE_RECURSION = YES;
				CLANG_WARN_INT_CONVERSION = YES;
				CLANG_WARN_NON_LITERAL_NULL_CONVERSION = YES;
				CLANG_WARN_OBJC_IMPLICIT_RETAIN_SELF = YES;
				CLANG_WARN_OBJC_LITERAL_CONVERSION = YES;
				CLANG_WARN_OBJC_ROOT_CLASS = YES_ERROR;
				CLANG_WARN_RANGE_LOOP_ANALYSIS = YES;
				CLANG_WARN_STRICT_PROTOTYPES = YES;
				CLANG_WARN_SUSPICIOUS_MOVE = YES;
				CLANG_WARN_UNGUARDED_AVAILABILITY = YES_AGGRESSIVE;
				CLANG_WARN_UNREACHABLE_CODE = YES;
				CLANG_WARN__DUPLICATE_METHOD_MATCH = YES;
				COPY_PHASE_STRIP = NO;
				DEBUG_INFORMATION_FORMAT = dwarf;
				ENABLE_STRICT_OBJC_MSGSEND = YES;
				ENABLE_TESTABILITY = YES;
				GCC_C_LANGUAGE_STANDARD = gnu11;
				GCC_DYNAMIC_NO_PIC = NO;
				GCC_NO_COMMON_BLOCKS = YES;
				GCC_OPTIMIZATION_LEVEL = 0;
				GCC_PREPROCESSOR_DEFINITIONS = (
					"DEBUG=1",
					"$(inherited)",
				);
				GCC_WARN_64_TO_32_BIT_CONVERSION = YES;
				GCC_WARN_ABOUT_RETURN_TYPE = YES_ERROR;
				GCC_WARN_UNDECLARED_SELECTOR = YES;
				GCC_WARN_UNINITIALIZED_AUTOS = YES_AGGRESSIVE;
				GCC_WARN_UNUSED_FUNCTION = YES;
				GCC_WARN_UNUSED_VARIABLE = YES;
				IPHONEOS_DEPLOYMENT_TARGET = 13.6;
				MTL_ENABLE_DEBUG_INFO = INCLUDE_SOURCE;
				MTL_FAST_MATH = YES;
				ONLY_ACTIVE_ARCH = YES;
				SDKROOT = iphoneos;
				SWIFT_ACTIVE_COMPILATION_CONDITIONS = DEBUG;
				SWIFT_OPTIMIZATION_LEVEL = "-Onone";
			};
			name = Debug;
		};
		574E96B524FA2C2700376174 /* Release */ = {
			isa = XCBuildConfiguration;
			buildSettings = {
				ALWAYS_SEARCH_USER_PATHS = NO;
				CLANG_ANALYZER_NONNULL = YES;
				CLANG_ANALYZER_NUMBER_OBJECT_CONVERSION = YES_AGGRESSIVE;
				CLANG_CXX_LANGUAGE_STANDARD = "gnu++14";
				CLANG_CXX_LIBRARY = "libc++";
				CLANG_ENABLE_MODULES = YES;
				CLANG_ENABLE_OBJC_ARC = YES;
				CLANG_ENABLE_OBJC_WEAK = YES;
				CLANG_WARN_BLOCK_CAPTURE_AUTORELEASING = YES;
				CLANG_WARN_BOOL_CONVERSION = YES;
				CLANG_WARN_COMMA = YES;
				CLANG_WARN_CONSTANT_CONVERSION = YES;
				CLANG_WARN_DEPRECATED_OBJC_IMPLEMENTATIONS = YES;
				CLANG_WARN_DIRECT_OBJC_ISA_USAGE = YES_ERROR;
				CLANG_WARN_DOCUMENTATION_COMMENTS = YES;
				CLANG_WARN_EMPTY_BODY = YES;
				CLANG_WARN_ENUM_CONVERSION = YES;
				CLANG_WARN_INFINITE_RECURSION = YES;
				CLANG_WARN_INT_CONVERSION = YES;
				CLANG_WARN_NON_LITERAL_NULL_CONVERSION = YES;
				CLANG_WARN_OBJC_IMPLICIT_RETAIN_SELF = YES;
				CLANG_WARN_OBJC_LITERAL_CONVERSION = YES;
				CLANG_WARN_OBJC_ROOT_CLASS = YES_ERROR;
				CLANG_WARN_RANGE_LOOP_ANALYSIS = YES;
				CLANG_WARN_STRICT_PROTOTYPES = YES;
				CLANG_WARN_SUSPICIOUS_MOVE = YES;
				CLANG_WARN_UNGUARDED_AVAILABILITY = YES_AGGRESSIVE;
				CLANG_WARN_UNREACHABLE_CODE = YES;
				CLANG_WARN__DUPLICATE_METHOD_MATCH = YES;
				COPY_PHASE_STRIP = NO;
				DEBUG_INFORMATION_FORMAT = "dwarf-with-dsym";
				ENABLE_NS_ASSERTIONS = NO;
				ENABLE_STRICT_OBJC_MSGSEND = YES;
				GCC_C_LANGUAGE_STANDARD = gnu11;
				GCC_NO_COMMON_BLOCKS = YES;
				GCC_WARN_64_TO_32_BIT_CONVERSION = YES;
				GCC_WARN_ABOUT_RETURN_TYPE = YES_ERROR;
				GCC_WARN_UNDECLARED_SELECTOR = YES;
				GCC_WARN_UNINITIALIZED_AUTOS = YES_AGGRESSIVE;
				GCC_WARN_UNUSED_FUNCTION = YES;
				GCC_WARN_UNUSED_VARIABLE = YES;
				IPHONEOS_DEPLOYMENT_TARGET = 13.6;
				MTL_ENABLE_DEBUG_INFO = NO;
				MTL_FAST_MATH = YES;
				SDKROOT = iphoneos;
				SWIFT_COMPILATION_MODE = wholemodule;
				SWIFT_OPTIMIZATION_LEVEL = "-O";
				VALIDATE_PRODUCT = YES;
			};
			name = Release;
		};
		574E96B724FA2C2700376174 /* Debug */ = {
			isa = XCBuildConfiguration;
			buildSettings = {
				ASSETCATALOG_COMPILER_APPICON_NAME = AppIcon;
				CODE_SIGN_STYLE = Automatic;
				INFOPLIST_FILE = CollectionViewExam/Info.plist;
				LD_RUNPATH_SEARCH_PATHS = (
					"$(inherited)",
					"@executable_path/Frameworks",
				);
				PRODUCT_BUNDLE_IDENTIFIER = org.ggyool.CollectionViewExam;
				PRODUCT_NAME = "$(TARGET_NAME)";
				SWIFT_VERSION = 5.0;
				TARGETED_DEVICE_FAMILY = "1,2";
			};
			name = Debug;
		};
		574E96B824FA2C2700376174 /* Release */ = {
			isa = XCBuildConfiguration;
			buildSettings = {
				ASSETCATALOG_COMPILER_APPICON_NAME = AppIcon;
				CODE_SIGN_STYLE = Automatic;
				INFOPLIST_FILE = CollectionViewExam/Info.plist;
				LD_RUNPATH_SEARCH_PATHS = (
					"$(inherited)",
					"@executable_path/Frameworks",
				);
				PRODUCT_BUNDLE_IDENTIFIER = org.ggyool.CollectionViewExam;
				PRODUCT_NAME = "$(TARGET_NAME)";
				SWIFT_VERSION = 5.0;
				TARGETED_DEVICE_FAMILY = "1,2";
			};
			name = Release;
		};
/* End XCBuildConfiguration section */

/* Begin XCConfigurationList section */
		574E969D24FA2C2600376174 /* Build configuration list for PBXProject "CollectionViewExam" */ = {
			isa = XCConfigurationList;
			buildConfigurations = (
				574E96B424FA2C2700376174 /* Debug */,
				574E96B524FA2C2700376174 /* Release */,
			);
			defaultConfigurationIsVisible = 0;
			defaultConfigurationName = Release;
		};
		574E96B624FA2C2700376174 /* Build configuration list for PBXNativeTarget "CollectionViewExam" */ = {
			isa = XCConfigurationList;
			buildConfigurations = (
				574E96B724FA2C2700376174 /* Debug */,
				574E96B824FA2C2700376174 /* Release */,
			);
			defaultConfigurationIsVisible = 0;
			defaultConfigurationName = Release;
		};
/* End XCConfigurationList section */
	};
	rootObject = 574E969A24FA2C2600376174 /* Project object */;
}
