// !$*UTF8*$!
{
	archiveVersion = 1;
	classes = {
	};
	objectVersion = 50;
	objects = {

/* Begin PBXBuildFile section */
		57FDC9D324E17396002FFBA7 /* AppDelegate.swift in Sources */ = {isa = PBXBuildFile; fileRef = 57FDC9D224E17396002FFBA7 /* AppDelegate.swift */; };
		57FDC9D524E17396002FFBA7 /* SceneDelegate.swift in Sources */ = {isa = PBXBuildFile; fileRef = 57FDC9D424E17396002FFBA7 /* SceneDelegate.swift */; };
		57FDC9D724E17396002FFBA7 /* ViewController.swift in Sources */ = {isa = PBXBuildFile; fileRef = 57FDC9D624E17396002FFBA7 /* ViewController.swift */; };
		57FDC9DA24E17396002FFBA7 /* Main.storyboard in Resources */ = {isa = PBXBuildFile; fileRef = 57FDC9D824E17396002FFBA7 /* Main.storyboard */; };
		57FDC9DC24E17398002FFBA7 /* Assets.xcassets in Resources */ = {isa = PBXBuildFile; fileRef = 57FDC9DB24E17398002FFBA7 /* Assets.xcassets */; };
		57FDC9DF24E17398002FFBA7 /* LaunchScreen.storyboard in Resources */ = {isa = PBXBuildFile; fileRef = 57FDC9DD24E17398002FFBA7 /* LaunchScreen.storyboard */; };
/* End PBXBuildFile section */

/* Begin PBXFileReference section */
		57FDC9CF24E17396002FFBA7 /* AutoLayoutExam.app */ = {isa = PBXFileReference; explicitFileType = wrapper.application; includeInIndex = 0; path = AutoLayoutExam.app; sourceTree = BUILT_PRODUCTS_DIR; };
		57FDC9D224E17396002FFBA7 /* AppDelegate.swift */ = {isa = PBXFileReference; lastKnownFileType = sourcecode.swift; path = AppDelegate.swift; sourceTree = "<group>"; };
		57FDC9D424E17396002FFBA7 /* SceneDelegate.swift */ = {isa = PBXFileReference; lastKnownFileType = sourcecode.swift; path = SceneDelegate.swift; sourceTree = "<group>"; };
		57FDC9D624E17396002FFBA7 /* ViewController.swift */ = {isa = PBXFileReference; lastKnownFileType = sourcecode.swift; path = ViewController.swift; sourceTree = "<group>"; };
		57FDC9D924E17396002FFBA7 /* Base */ = {isa = PBXFileReference; lastKnownFileType = file.storyboard; name = Base; path = Base.lproj/Main.storyboard; sourceTree = "<group>"; };
		57FDC9DB24E17398002FFBA7 /* Assets.xcassets */ = {isa = PBXFileReference; lastKnownFileType = folder.assetcatalog; path = Assets.xcassets; sourceTree = "<group>"; };
		57FDC9DE24E17398002FFBA7 /* Base */ = {isa = PBXFileReference; lastKnownFileType = file.storyboard; name = Base; path = Base.lproj/LaunchScreen.storyboard; sourceTree = "<group>"; };
		57FDC9E024E17398002FFBA7 /* Info.plist */ = {isa = PBXFileReference; lastKnownFileType = text.plist.xml; path = Info.plist; sourceTree = "<group>"; };
/* End PBXFileReference section */

/* Begin PBXFrameworksBuildPhase section */
		57FDC9CC24E17396002FFBA7 /* Frameworks */ = {
			isa = PBXFrameworksBuildPhase;
			buildActionMask = 2147483647;
			files = (
			);
			runOnlyForDeploymentPostprocessing = 0;
		};
/* End PBXFrameworksBuildPhase section */

/* Begin PBXGroup section */
		57FDC9C624E17396002FFBA7 = {
			isa = PBXGroup;
			children = (
				57FDC9D124E17396002FFBA7 /* AutoLayoutExam */,
				57FDC9D024E17396002FFBA7 /* Products */,
			);
			sourceTree = "<group>";
		};
		57FDC9D024E17396002FFBA7 /* Products */ = {
			isa = PBXGroup;
			children = (
				57FDC9CF24E17396002FFBA7 /* AutoLayoutExam.app */,
			);
			name = Products;
			sourceTree = "<group>";
		};
		57FDC9D124E17396002FFBA7 /* AutoLayoutExam */ = {
			isa = PBXGroup;
			children = (
				57FDC9D224E17396002FFBA7 /* AppDelegate.swift */,
				57FDC9D424E17396002FFBA7 /* SceneDelegate.swift */,
				57FDC9D624E17396002FFBA7 /* ViewController.swift */,
				57FDC9D824E17396002FFBA7 /* Main.storyboard */,
				57FDC9DB24E17398002FFBA7 /* Assets.xcassets */,
				57FDC9DD24E17398002FFBA7 /* LaunchScreen.storyboard */,
				57FDC9E024E17398002FFBA7 /* Info.plist */,
			);
			path = AutoLayoutExam;
			sourceTree = "<group>";
		};
/* End PBXGroup section */

/* Begin PBXNativeTarget section */
		57FDC9CE24E17396002FFBA7 /* AutoLayoutExam */ = {
			isa = PBXNativeTarget;
			buildConfigurationList = 57FDC9E324E17398002FFBA7 /* Build configuration list for PBXNativeTarget "AutoLayoutExam" */;
			buildPhases = (
				57FDC9CB24E17396002FFBA7 /* Sources */,
				57FDC9CC24E17396002FFBA7 /* Frameworks */,
				57FDC9CD24E17396002FFBA7 /* Resources */,
			);
			buildRules = (
			);
			dependencies = (
			);
			name = AutoLayoutExam;
			productName = AutoLayoutExam;
			productReference = 57FDC9CF24E17396002FFBA7 /* AutoLayoutExam.app */;
			productType = "com.apple.product-type.application";
		};
/* End PBXNativeTarget section */

/* Begin PBXProject section */
		57FDC9C724E17396002FFBA7 /* Project object */ = {
			isa = PBXProject;
			attributes = {
				LastSwiftUpdateCheck = 1160;
				LastUpgradeCheck = 1160;
				ORGANIZATIONNAME = ggyool;
				TargetAttributes = {
					57FDC9CE24E17396002FFBA7 = {
						CreatedOnToolsVersion = 11.6;
					};
				};
			};
			buildConfigurationList = 57FDC9CA24E17396002FFBA7 /* Build configuration list for PBXProject "AutoLayoutExam" */;
			compatibilityVersion = "Xcode 9.3";
			developmentRegion = en;
			hasScannedForEncodings = 0;
			knownRegions = (
				en,
				Base,
			);
			mainGroup = 57FDC9C624E17396002FFBA7;
			productRefGroup = 57FDC9D024E17396002FFBA7 /* Products */;
			projectDirPath = "";
			projectRoot = "";
			targets = (
				57FDC9CE24E17396002FFBA7 /* AutoLayoutExam */,
			);
		};
/* End PBXProject section */

/* Begin PBXResourcesBuildPhase section */
		57FDC9CD24E17396002FFBA7 /* Resources */ = {
			isa = PBXResourcesBuildPhase;
			buildActionMask = 2147483647;
			files = (
				57FDC9DF24E17398002FFBA7 /* LaunchScreen.storyboard in Resources */,
				57FDC9DC24E17398002FFBA7 /* Assets.xcassets in Resources */,
				57FDC9DA24E17396002FFBA7 /* Main.storyboard in Resources */,
			);
			runOnlyForDeploymentPostprocessing = 0;
		};
/* End PBXResourcesBuildPhase section */

/* Begin PBXSourcesBuildPhase section */
		57FDC9CB24E17396002FFBA7 /* Sources */ = {
			isa = PBXSourcesBuildPhase;
			buildActionMask = 2147483647;
			files = (
				57FDC9D724E17396002FFBA7 /* ViewController.swift in Sources */,
				57FDC9D324E17396002FFBA7 /* AppDelegate.swift in Sources */,
				57FDC9D524E17396002FFBA7 /* SceneDelegate.swift in Sources */,
			);
			runOnlyForDeploymentPostprocessing = 0;
		};
/* End PBXSourcesBuildPhase section */

/* Begin PBXVariantGroup section */
		57FDC9D824E17396002FFBA7 /* Main.storyboard */ = {
			isa = PBXVariantGroup;
			children = (
				57FDC9D924E17396002FFBA7 /* Base */,
			);
			name = Main.storyboard;
			sourceTree = "<group>";
		};
		57FDC9DD24E17398002FFBA7 /* LaunchScreen.storyboard */ = {
			isa = PBXVariantGroup;
			children = (
				57FDC9DE24E17398002FFBA7 /* Base */,
			);
			name = LaunchScreen.storyboard;
			sourceTree = "<group>";
		};
/* End PBXVariantGroup section */

/* Begin XCBuildConfiguration section */
		57FDC9E124E17398002FFBA7 /* Debug */ = {
			isa = XCBuildConfiguration;
			buildSettings = {
				ALWAYS_SEARCH_USER_PATHS = NO;
				CLANG_ANALYZER_NONNULL = YES;
				CLANG_ANALYZER_NUMBER_OBJECT_CONVERSION = YES_AGGRESSIVE;
				CLANG_CXX_LANGUAGE_STANDARD = "gnu++14";
				CLANG_CXX_LIBRARY = "libc++";
				CLANG_ENABLE_MODULES = YES;
				CLANG_ENABLE_OBJC_ARC = YES;
				CLANG_ENABLE_OBJC_WEAK = YES;
				CLANG_WARN_BLOCK_CAPTURE_AUTORELEASING = YES;
				CLANG_WARN_BOOL_CONVERSION = YES;
				CLANG_WARN_COMMA = YES;
				CLANG_WARN_CONSTANT_CONVERSION = YES;
				CLANG_WARN_DEPRECATED_OBJC_IMPLEMENTATIONS = YES;
				CLANG_WARN_DIRECT_OBJC_ISA_USAGE = YES_ERROR;
				CLANG_WARN_DOCUMENTATION_COMMENTS = YES;
				CLANG_WARN_EMPTY_BODY = YES;
				CLANG_WARN_ENUM_CONVERSION = YES;
				CLANG_WARN_INFINITE_RECURSION = YES;
				CLANG_WARN_INT_CONVERSION = YES;
				CLANG_WARN_NON_LITERAL_NULL_CONVERSION = YES;
				CLANG_WARN_OBJC_IMPLICIT_RETAIN_SELF = YES;
				CLANG_WARN_OBJC_LITERAL_CONVERSION = YES;
				CLANG_WARN_OBJC_ROOT_CLASS = YES_ERROR;
				CLANG_WARN_RANGE_LOOP_ANALYSIS = YES;
				CLANG_WARN_STRICT_PROTOTYPES = YES;
				CLANG_WARN_SUSPICIOUS_MOVE = YES;
				CLANG_WARN_UNGUARDED_AVAILABILITY = YES_AGGRESSIVE;
				CLANG_WARN_UNREACHABLE_CODE = YES;
				CLANG_WARN__DUPLICATE_METHOD_MATCH = YES;
				COPY_PHASE_STRIP = NO;
				DEBUG_INFORMATION_FORMAT = dwarf;
				ENABLE_STRICT_OBJC_MSGSEND = YES;
				ENABLE_TESTABILITY = YES;
				GCC_C_LANGUAGE_STANDARD = gnu11;
				GCC_DYNAMIC_NO_PIC = NO;
				GCC_NO_COMMON_BLOCKS = YES;
				GCC_OPTIMIZATION_LEVEL = 0;
				GCC_PREPROCESSOR_DEFINITIONS = (
					"DEBUG=1",
					"$(inherited)",
				);
				GCC_WARN_64_TO_32_BIT_CONVERSION = YES;
				GCC_WARN_ABOUT_RETURN_TYPE = YES_ERROR;
				GCC_WARN_UNDECLARED_SELECTOR = YES;
				GCC_WARN_UNINITIALIZED_AUTOS = YES_AGGRESSIVE;
				GCC_WARN_UNUSED_FUNCTION = YES;
				GCC_WARN_UNUSED_VARIABLE = YES;
				IPHONEOS_DEPLOYMENT_TARGET = 13.6;
				MTL_ENABLE_DEBUG_INFO = INCLUDE_SOURCE;
				MTL_FAST_MATH = YES;
				ONLY_ACTIVE_ARCH = YES;
				SDKROOT = iphoneos;
				SWIFT_ACTIVE_COMPILATION_CONDITIONS = DEBUG;
				SWIFT_OPTIMIZATION_LEVEL = "-Onone";
			};
			name = Debug;
		};
		57FDC9E224E17398002FFBA7 /* Release */ = {
			isa = XCBuildConfiguration;
			buildSettings = {
				ALWAYS_SEARCH_USER_PATHS = NO;
				CLANG_ANALYZER_NONNULL = YES;
				CLANG_ANALYZER_NUMBER_OBJECT_CONVERSION = YES_AGGRESSIVE;
				CLANG_CXX_LANGUAGE_STANDARD = "gnu++14";
				CLANG_CXX_LIBRARY = "libc++";
				CLANG_ENABLE_MODULES = YES;
				CLANG_ENABLE_OBJC_ARC = YES;
				CLANG_ENABLE_OBJC_WEAK = YES;
				CLANG_WARN_BLOCK_CAPTURE_AUTORELEASING = YES;
				CLANG_WARN_BOOL_CONVERSION = YES;
				CLANG_WARN_COMMA = YES;
				CLANG_WARN_CONSTANT_CONVERSION = YES;
				CLANG_WARN_DEPRECATED_OBJC_IMPLEMENTATIONS = YES;
				CLANG_WARN_DIRECT_OBJC_ISA_USAGE = YES_ERROR;
				CLANG_WARN_DOCUMENTATION_COMMENTS = YES;
				CLANG_WARN_EMPTY_BODY = YES;
				CLANG_WARN_ENUM_CONVERSION = YES;
				CLANG_WARN_INFINITE_RECURSION = YES;
				CLANG_WARN_INT_CONVERSION = YES;
				CLANG_WARN_NON_LITERAL_NULL_CONVERSION = YES;
				CLANG_WARN_OBJC_IMPLICIT_RETAIN_SELF = YES;
				CLANG_WARN_OBJC_LITERAL_CONVERSION = YES;
				CLANG_WARN_OBJC_ROOT_CLASS = YES_ERROR;
				CLANG_WARN_RANGE_LOOP_ANALYSIS = YES;
				CLANG_WARN_STRICT_PROTOTYPES = YES;
				CLANG_WARN_SUSPICIOUS_MOVE = YES;
				CLANG_WARN_UNGUARDED_AVAILABILITY = YES_AGGRESSIVE;
				CLANG_WARN_UNREACHABLE_CODE = YES;
				CLANG_WARN__DUPLICATE_METHOD_MATCH = YES;
				COPY_PHASE_STRIP = NO;
				DEBUG_INFORMATION_FORMAT = "dwarf-with-dsym";
				ENABLE_NS_ASSERTIONS = NO;
				ENABLE_STRICT_OBJC_MSGSEND = YES;
				GCC_C_LANGUAGE_STANDARD = gnu11;
				GCC_NO_COMMON_BLOCKS = YES;
				GCC_WARN_64_TO_32_BIT_CONVERSION = YES;
				GCC_WARN_ABOUT_RETURN_TYPE = YES_ERROR;
				GCC_WARN_UNDECLARED_SELECTOR = YES;
				GCC_WARN_UNINITIALIZED_AUTOS = YES_AGGRESSIVE;
				GCC_WARN_UNUSED_FUNCTION = YES;
				GCC_WARN_UNUSED_VARIABLE = YES;
				IPHONEOS_DEPLOYMENT_TARGET = 13.6;
				MTL_ENABLE_DEBUG_INFO = NO;
				MTL_FAST_MATH = YES;
				SDKROOT = iphoneos;
				SWIFT_COMPILATION_MODE = wholemodule;
				SWIFT_OPTIMIZATION_LEVEL = "-O";
				VALIDATE_PRODUCT = YES;
			};
			name = Release;
		};
		57FDC9E424E17398002FFBA7 /* Debug */ = {
			isa = XCBuildConfiguration;
			buildSettings = {
				ASSETCATALOG_COMPILER_APPICON_NAME = AppIcon;
				CODE_SIGN_STYLE = Automatic;
				INFOPLIST_FILE = AutoLayoutExam/Info.plist;
				LD_RUNPATH_SEARCH_PATHS = (
					"$(inherited)",
					"@executable_path/Frameworks",
				);
				PRODUCT_BUNDLE_IDENTIFIER = org.ggyool.AutoLayoutExam;
				PRODUCT_NAME = "$(TARGET_NAME)";
				SWIFT_VERSION = 5.0;
				TARGETED_DEVICE_FAMILY = "1,2";
			};
			name = Debug;
		};
		57FDC9E524E17398002FFBA7 /* Release */ = {
			isa = XCBuildConfiguration;
			buildSettings = {
				ASSETCATALOG_COMPILER_APPICON_NAME = AppIcon;
				CODE_SIGN_STYLE = Automatic;
				INFOPLIST_FILE = AutoLayoutExam/Info.plist;
				LD_RUNPATH_SEARCH_PATHS = (
					"$(inherited)",
					"@executable_path/Frameworks",
				);
				PRODUCT_BUNDLE_IDENTIFIER = org.ggyool.AutoLayoutExam;
				PRODUCT_NAME = "$(TARGET_NAME)";
				SWIFT_VERSION = 5.0;
				TARGETED_DEVICE_FAMILY = "1,2";
			};
			name = Release;
		};
/* End XCBuildConfiguration section */

/* Begin XCConfigurationList section */
		57FDC9CA24E17396002FFBA7 /* Build configuration list for PBXProject "AutoLayoutExam" */ = {
			isa = XCConfigurationList;
			buildConfigurations = (
				57FDC9E124E17398002FFBA7 /* Debug */,
				57FDC9E224E17398002FFBA7 /* Release */,
			);
			defaultConfigurationIsVisible = 0;
			defaultConfigurationName = Release;
		};
		57FDC9E324E17398002FFBA7 /* Build configuration list for PBXNativeTarget "AutoLayoutExam" */ = {
			isa = XCConfigurationList;
			buildConfigurations = (
				57FDC9E424E17398002FFBA7 /* Debug */,
				57FDC9E524E17398002FFBA7 /* Release */,
			);
			defaultConfigurationIsVisible = 0;
			defaultConfigurationName = Release;
		};
/* End XCConfigurationList section */
	};
	rootObject = 57FDC9C724E17396002FFBA7 /* Project object */;
}
