// !$*UTF8*$!
{
	archiveVersion = 1;
	classes = {
	};
	objectVersion = 50;
	objects = {

/* Begin PBXBuildFile section */
		573DD81324E68E7A009C3974 /* AppDelegate.swift in Sources */ = {isa = PBXBuildFile; fileRef = 573DD81224E68E7A009C3974 /* AppDelegate.swift */; };
		573DD81524E68E7A009C3974 /* SceneDelegate.swift in Sources */ = {isa = PBXBuildFile; fileRef = 573DD81424E68E7A009C3974 /* SceneDelegate.swift */; };
		573DD81724E68E7A009C3974 /* MasterViewController.swift in Sources */ = {isa = PBXBuildFile; fileRef = 573DD81624E68E7A009C3974 /* MasterViewController.swift */; };
		573DD81924E68E7A009C3974 /* DetailViewController.swift in Sources */ = {isa = PBXBuildFile; fileRef = 573DD81824E68E7A009C3974 /* DetailViewController.swift */; };
		573DD81C24E68E7A009C3974 /* Main.storyboard in Resources */ = {isa = PBXBuildFile; fileRef = 573DD81A24E68E7A009C3974 /* Main.storyboard */; };
		573DD81E24E68E7A009C3974 /* Assets.xcassets in Resources */ = {isa = PBXBuildFile; fileRef = 573DD81D24E68E7A009C3974 /* Assets.xcassets */; };
		573DD82124E68E7A009C3974 /* LaunchScreen.storyboard in Resources */ = {isa = PBXBuildFile; fileRef = 573DD81F24E68E7A009C3974 /* LaunchScreen.storyboard */; };
/* End PBXBuildFile section */

/* Begin PBXFileReference section */
		573DD80F24E68E7A009C3974 /* MasterDetailExam.app */ = {isa = PBXFileReference; explicitFileType = wrapper.application; includeInIndex = 0; path = MasterDetailExam.app; sourceTree = BUILT_PRODUCTS_DIR; };
		573DD81224E68E7A009C3974 /* AppDelegate.swift */ = {isa = PBXFileReference; lastKnownFileType = sourcecode.swift; path = AppDelegate.swift; sourceTree = "<group>"; };
		573DD81424E68E7A009C3974 /* SceneDelegate.swift */ = {isa = PBXFileReference; lastKnownFileType = sourcecode.swift; path = SceneDelegate.swift; sourceTree = "<group>"; };
		573DD81624E68E7A009C3974 /* MasterViewController.swift */ = {isa = PBXFileReference; lastKnownFileType = sourcecode.swift; path = MasterViewController.swift; sourceTree = "<group>"; };
		573DD81824E68E7A009C3974 /* DetailViewController.swift */ = {isa = PBXFileReference; lastKnownFileType = sourcecode.swift; path = DetailViewController.swift; sourceTree = "<group>"; };
		573DD81B24E68E7A009C3974 /* Base */ = {isa = PBXFileReference; lastKnownFileType = file.storyboard; name = Base; path = Base.lproj/Main.storyboard; sourceTree = "<group>"; };
		573DD81D24E68E7A009C3974 /* Assets.xcassets */ = {isa = PBXFileReference; lastKnownFileType = folder.assetcatalog; path = Assets.xcassets; sourceTree = "<group>"; };
		573DD82024E68E7A009C3974 /* Base */ = {isa = PBXFileReference; lastKnownFileType = file.storyboard; name = Base; path = Base.lproj/LaunchScreen.storyboard; sourceTree = "<group>"; };
		573DD82224E68E7A009C3974 /* Info.plist */ = {isa = PBXFileReference; lastKnownFileType = text.plist.xml; path = Info.plist; sourceTree = "<group>"; };
/* End PBXFileReference section */

/* Begin PBXFrameworksBuildPhase section */
		573DD80C24E68E7A009C3974 /* Frameworks */ = {
			isa = PBXFrameworksBuildPhase;
			buildActionMask = 2147483647;
			files = (
			);
			runOnlyForDeploymentPostprocessing = 0;
		};
/* End PBXFrameworksBuildPhase section */

/* Begin PBXGroup section */
		573DD80624E68E7A009C3974 = {
			isa = PBXGroup;
			children = (
				573DD81124E68E7A009C3974 /* MasterDetailExam */,
				573DD81024E68E7A009C3974 /* Products */,
			);
			sourceTree = "<group>";
		};
		573DD81024E68E7A009C3974 /* Products */ = {
			isa = PBXGroup;
			children = (
				573DD80F24E68E7A009C3974 /* MasterDetailExam.app */,
			);
			name = Products;
			sourceTree = "<group>";
		};
		573DD81124E68E7A009C3974 /* MasterDetailExam */ = {
			isa = PBXGroup;
			children = (
				573DD81224E68E7A009C3974 /* AppDelegate.swift */,
				573DD81424E68E7A009C3974 /* SceneDelegate.swift */,
				573DD81624E68E7A009C3974 /* MasterViewController.swift */,
				573DD81824E68E7A009C3974 /* DetailViewController.swift */,
				573DD81A24E68E7A009C3974 /* Main.storyboard */,
				573DD81D24E68E7A009C3974 /* Assets.xcassets */,
				573DD81F24E68E7A009C3974 /* LaunchScreen.storyboard */,
				573DD82224E68E7A009C3974 /* Info.plist */,
			);
			path = MasterDetailExam;
			sourceTree = "<group>";
		};
/* End PBXGroup section */

/* Begin PBXNativeTarget section */
		573DD80E24E68E7A009C3974 /* MasterDetailExam */ = {
			isa = PBXNativeTarget;
			buildConfigurationList = 573DD82524E68E7A009C3974 /* Build configuration list for PBXNativeTarget "MasterDetailExam" */;
			buildPhases = (
				573DD80B24E68E7A009C3974 /* Sources */,
				573DD80C24E68E7A009C3974 /* Frameworks */,
				573DD80D24E68E7A009C3974 /* Resources */,
			);
			buildRules = (
			);
			dependencies = (
			);
			name = MasterDetailExam;
			productName = MasterDetailExam;
			productReference = 573DD80F24E68E7A009C3974 /* MasterDetailExam.app */;
			productType = "com.apple.product-type.application";
		};
/* End PBXNativeTarget section */

/* Begin PBXProject section */
		573DD80724E68E7A009C3974 /* Project object */ = {
			isa = PBXProject;
			attributes = {
				LastSwiftUpdateCheck = 1160;
				LastUpgradeCheck = 1160;
				ORGANIZATIONNAME = ggyool;
				TargetAttributes = {
					573DD80E24E68E7A009C3974 = {
						CreatedOnToolsVersion = 11.6;
					};
				};
			};
			buildConfigurationList = 573DD80A24E68E7A009C3974 /* Build configuration list for PBXProject "MasterDetailExam" */;
			compatibilityVersion = "Xcode 9.3";
			developmentRegion = en;
			hasScannedForEncodings = 0;
			knownRegions = (
				en,
				Base,
			);
			mainGroup = 573DD80624E68E7A009C3974;
			productRefGroup = 573DD81024E68E7A009C3974 /* Products */;
			projectDirPath = "";
			projectRoot = "";
			targets = (
				573DD80E24E68E7A009C3974 /* MasterDetailExam */,
			);
		};
/* End PBXProject section */

/* Begin PBXResourcesBuildPhase section */
		573DD80D24E68E7A009C3974 /* Resources */ = {
			isa = PBXResourcesBuildPhase;
			buildActionMask = 2147483647;
			files = (
				573DD82124E68E7A009C3974 /* LaunchScreen.storyboard in Resources */,
				573DD81E24E68E7A009C3974 /* Assets.xcassets in Resources */,
				573DD81C24E68E7A009C3974 /* Main.storyboard in Resources */,
			);
			runOnlyForDeploymentPostprocessing = 0;
		};
/* End PBXResourcesBuildPhase section */

/* Begin PBXSourcesBuildPhase section */
		573DD80B24E68E7A009C3974 /* Sources */ = {
			isa = PBXSourcesBuildPhase;
			buildActionMask = 2147483647;
			files = (
				573DD81324E68E7A009C3974 /* AppDelegate.swift in Sources */,
				573DD81524E68E7A009C3974 /* SceneDelegate.swift in Sources */,
				573DD81724E68E7A009C3974 /* MasterViewController.swift in Sources */,
				573DD81924E68E7A009C3974 /* DetailViewController.swift in Sources */,
			);
			runOnlyForDeploymentPostprocessing = 0;
		};
/* End PBXSourcesBuildPhase section */

/* Begin PBXVariantGroup section */
		573DD81A24E68E7A009C3974 /* Main.storyboard */ = {
			isa = PBXVariantGroup;
			children = (
				573DD81B24E68E7A009C3974 /* Base */,
			);
			name = Main.storyboard;
			sourceTree = "<group>";
		};
		573DD81F24E68E7A009C3974 /* LaunchScreen.storyboard */ = {
			isa = PBXVariantGroup;
			children = (
				573DD82024E68E7A009C3974 /* Base */,
			);
			name = LaunchScreen.storyboard;
			sourceTree = "<group>";
		};
/* End PBXVariantGroup section */

/* Begin XCBuildConfiguration section */
		573DD82324E68E7A009C3974 /* Debug */ = {
			isa = XCBuildConfiguration;
			buildSettings = {
				ALWAYS_SEARCH_USER_PATHS = NO;
				CLANG_ANALYZER_NONNULL = YES;
				CLANG_ANALYZER_NUMBER_OBJECT_CONVERSION = YES_AGGRESSIVE;
				CLANG_CXX_LANGUAGE_STANDARD = "gnu++14";
				CLANG_CXX_LIBRARY = "libc++";
				CLANG_ENABLE_MODULES = YES;
				CLANG_ENABLE_OBJC_ARC = YES;
				CLANG_ENABLE_OBJC_WEAK = YES;
				CLANG_WARN_BLOCK_CAPTURE_AUTORELEASING = YES;
				CLANG_WARN_BOOL_CONVERSION = YES;
				CLANG_WARN_COMMA = YES;
				CLANG_WARN_CONSTANT_CONVERSION = YES;
				CLANG_WARN_DEPRECATED_OBJC_IMPLEMENTATIONS = YES;
				CLANG_WARN_DIRECT_OBJC_ISA_USAGE = YES_ERROR;
				CLANG_WARN_DOCUMENTATION_COMMENTS = YES;
				CLANG_WARN_EMPTY_BODY = YES;
				CLANG_WARN_ENUM_CONVERSION = YES;
				CLANG_WARN_INFINITE_RECURSION = YES;
				CLANG_WARN_INT_CONVERSION = YES;
				CLANG_WARN_NON_LITERAL_NULL_CONVERSION = YES;
				CLANG_WARN_OBJC_IMPLICIT_RETAIN_SELF = YES;
				CLANG_WARN_OBJC_LITERAL_CONVERSION = YES;
				CLANG_WARN_OBJC_ROOT_CLASS = YES_ERROR;
				CLANG_WARN_RANGE_LOOP_ANALYSIS = YES;
				CLANG_WARN_STRICT_PROTOTYPES = YES;
				CLANG_WARN_SUSPICIOUS_MOVE = YES;
				CLANG_WARN_UNGUARDED_AVAILABILITY = YES_AGGRESSIVE;
				CLANG_WARN_UNREACHABLE_CODE = YES;
				CLANG_WARN__DUPLICATE_METHOD_MATCH = YES;
				COPY_PHASE_STRIP = NO;
				DEBUG_INFORMATION_FORMAT = dwarf;
				ENABLE_STRICT_OBJC_MSGSEND = YES;
				ENABLE_TESTABILITY = YES;
				GCC_C_LANGUAGE_STANDARD = gnu11;
				GCC_DYNAMIC_NO_PIC = NO;
				GCC_NO_COMMON_BLOCKS = YES;
				GCC_OPTIMIZATION_LEVEL = 0;
				GCC_PREPROCESSOR_DEFINITIONS = (
					"DEBUG=1",
					"$(inherited)",
				);
				GCC_WARN_64_TO_32_BIT_CONVERSION = YES;
				GCC_WARN_ABOUT_RETURN_TYPE = YES_ERROR;
				GCC_WARN_UNDECLARED_SELECTOR = YES;
				GCC_WARN_UNINITIALIZED_AUTOS = YES_AGGRESSIVE;
				GCC_WARN_UNUSED_FUNCTION = YES;
				GCC_WARN_UNUSED_VARIABLE = YES;
				IPHONEOS_DEPLOYMENT_TARGET = 13.6;
				MTL_ENABLE_DEBUG_INFO = INCLUDE_SOURCE;
				MTL_FAST_MATH = YES;
				ONLY_ACTIVE_ARCH = YES;
				SDKROOT = iphoneos;
				SWIFT_ACTIVE_COMPILATION_CONDITIONS = DEBUG;
				SWIFT_OPTIMIZATION_LEVEL = "-Onone";
			};
			name = Debug;
		};
		573DD82424E68E7A009C3974 /* Release */ = {
			isa = XCBuildConfiguration;
			buildSettings = {
				ALWAYS_SEARCH_USER_PATHS = NO;
				CLANG_ANALYZER_NONNULL = YES;
				CLANG_ANALYZER_NUMBER_OBJECT_CONVERSION = YES_AGGRESSIVE;
				CLANG_CXX_LANGUAGE_STANDARD = "gnu++14";
				CLANG_CXX_LIBRARY = "libc++";
				CLANG_ENABLE_MODULES = YES;
				CLANG_ENABLE_OBJC_ARC = YES;
				CLANG_ENABLE_OBJC_WEAK = YES;
				CLANG_WARN_BLOCK_CAPTURE_AUTORELEASING = YES;
				CLANG_WARN_BOOL_CONVERSION = YES;
				CLANG_WARN_COMMA = YES;
				CLANG_WARN_CONSTANT_CONVERSION = YES;
				CLANG_WARN_DEPRECATED_OBJC_IMPLEMENTATIONS = YES;
				CLANG_WARN_DIRECT_OBJC_ISA_USAGE = YES_ERROR;
				CLANG_WARN_DOCUMENTATION_COMMENTS = YES;
				CLANG_WARN_EMPTY_BODY = YES;
				CLANG_WARN_ENUM_CONVERSION = YES;
				CLANG_WARN_INFINITE_RECURSION = YES;
				CLANG_WARN_INT_CONVERSION = YES;
				CLANG_WARN_NON_LITERAL_NULL_CONVERSION = YES;
				CLANG_WARN_OBJC_IMPLICIT_RETAIN_SELF = YES;
				CLANG_WARN_OBJC_LITERAL_CONVERSION = YES;
				CLANG_WARN_OBJC_ROOT_CLASS = YES_ERROR;
				CLANG_WARN_RANGE_LOOP_ANALYSIS = YES;
				CLANG_WARN_STRICT_PROTOTYPES = YES;
				CLANG_WARN_SUSPICIOUS_MOVE = YES;
				CLANG_WARN_UNGUARDED_AVAILABILITY = YES_AGGRESSIVE;
				CLANG_WARN_UNREACHABLE_CODE = YES;
				CLANG_WARN__DUPLICATE_METHOD_MATCH = YES;
				COPY_PHASE_STRIP = NO;
				DEBUG_INFORMATION_FORMAT = "dwarf-with-dsym";
				ENABLE_NS_ASSERTIONS = NO;
				ENABLE_STRICT_OBJC_MSGSEND = YES;
				GCC_C_LANGUAGE_STANDARD = gnu11;
				GCC_NO_COMMON_BLOCKS = YES;
				GCC_WARN_64_TO_32_BIT_CONVERSION = YES;
				GCC_WARN_ABOUT_RETURN_TYPE = YES_ERROR;
				GCC_WARN_UNDECLARED_SELECTOR = YES;
				GCC_WARN_UNINITIALIZED_AUTOS = YES_AGGRESSIVE;
				GCC_WARN_UNUSED_FUNCTION = YES;
				GCC_WARN_UNUSED_VARIABLE = YES;
				IPHONEOS_DEPLOYMENT_TARGET = 13.6;
				MTL_ENABLE_DEBUG_INFO = NO;
				MTL_FAST_MATH = YES;
				SDKROOT = iphoneos;
				SWIFT_COMPILATION_MODE = wholemodule;
				SWIFT_OPTIMIZATION_LEVEL = "-O";
				VALIDATE_PRODUCT = YES;
			};
			name = Release;
		};
		573DD82624E68E7A009C3974 /* Debug */ = {
			isa = XCBuildConfiguration;
			buildSettings = {
				ASSETCATALOG_COMPILER_APPICON_NAME = AppIcon;
				CODE_SIGN_STYLE = Automatic;
				INFOPLIST_FILE = MasterDetailExam/Info.plist;
				LD_RUNPATH_SEARCH_PATHS = (
					"$(inherited)",
					"@executable_path/Frameworks",
				);
				PRODUCT_BUNDLE_IDENTIFIER = org.ggyool.MasterDetailExam;
				PRODUCT_NAME = "$(TARGET_NAME)";
				SWIFT_VERSION = 5.0;
				TARGETED_DEVICE_FAMILY = "1,2";
			};
			name = Debug;
		};
		573DD82724E68E7A009C3974 /* Release */ = {
			isa = XCBuildConfiguration;
			buildSettings = {
				ASSETCATALOG_COMPILER_APPICON_NAME = AppIcon;
				CODE_SIGN_STYLE = Automatic;
				INFOPLIST_FILE = MasterDetailExam/Info.plist;
				LD_RUNPATH_SEARCH_PATHS = (
					"$(inherited)",
					"@executable_path/Frameworks",
				);
				PRODUCT_BUNDLE_IDENTIFIER = org.ggyool.MasterDetailExam;
				PRODUCT_NAME = "$(TARGET_NAME)";
				SWIFT_VERSION = 5.0;
				TARGETED_DEVICE_FAMILY = "1,2";
			};
			name = Release;
		};
/* End XCBuildConfiguration section */

/* Begin XCConfigurationList section */
		573DD80A24E68E7A009C3974 /* Build configuration list for PBXProject "MasterDetailExam" */ = {
			isa = XCConfigurationList;
			buildConfigurations = (
				573DD82324E68E7A009C3974 /* Debug */,
				573DD82424E68E7A009C3974 /* Release */,
			);
			defaultConfigurationIsVisible = 0;
			defaultConfigurationName = Release;
		};
		573DD82524E68E7A009C3974 /* Build configuration list for PBXNativeTarget "MasterDetailExam" */ = {
			isa = XCConfigurationList;
			buildConfigurations = (
				573DD82624E68E7A009C3974 /* Debug */,
				573DD82724E68E7A009C3974 /* Release */,
			);
			defaultConfigurationIsVisible = 0;
			defaultConfigurationName = Release;
		};
/* End XCConfigurationList section */
	};
	rootObject = 573DD80724E68E7A009C3974 /* Project object */;
}
